// !$*UTF8*$!
{
	archiveVersion = 1;
	classes = {
	};
	objectVersion = 55;
	objects = {

/* Begin PBXBuildFile section */
		0D2A4BED28998E5800DBF3FA /* OnboardingContainerViewController.swift in Sources */ = {isa = PBXBuildFile; fileRef = 0D2A4BEC28998E5800DBF3FA /* OnboardingContainerViewController.swift */; };
		0D2A4BEF2899993400DBF3FA /* OnboardingViewController.swift in Sources */ = {isa = PBXBuildFile; fileRef = 0D2A4BEE2899993400DBF3FA /* OnboardingViewController.swift */; };
		0D2A4BF1289B0F9E00DBF3FA /* DummyViewController.swift in Sources */ = {isa = PBXBuildFile; fileRef = 0D2A4BF0289B0F9E00DBF3FA /* DummyViewController.swift */; };
		0D2A4BF4289B163D00DBF3FA /* LocalState.swift in Sources */ = {isa = PBXBuildFile; fileRef = 0D2A4BF3289B163D00DBF3FA /* LocalState.swift */; };
		0D2A4BF7289C289C00DBF3FA /* UIViewController+Extensions.swift in Sources */ = {isa = PBXBuildFile; fileRef = 0D2A4BF6289C289C00DBF3FA /* UIViewController+Extensions.swift */; };
		0D2A4BF9289C2A3B00DBF3FA /* MainViewController.swift in Sources */ = {isa = PBXBuildFile; fileRef = 0D2A4BF8289C2A3B00DBF3FA /* MainViewController.swift */; };
		0D2EF44A28A444F700ED16BD /* AccountSummaryCell.swift in Sources */ = {isa = PBXBuildFile; fileRef = 0D2EF44928A444F700ED16BD /* AccountSummaryCell.swift */; };
		0D2EF44C28A571EA00ED16BD /* Decimal+Extensions.swift in Sources */ = {isa = PBXBuildFile; fileRef = 0D2EF44B28A571EA00ED16BD /* Decimal+Extensions.swift */; };
		0D2EF44E28A5723300ED16BD /* CurrencyFormatter.swift in Sources */ = {isa = PBXBuildFile; fileRef = 0D2EF44D28A5723300ED16BD /* CurrencyFormatter.swift */; };
		0D2EF45D28A6B66100ED16BD /* CurrencyFormatterTests.swift in Sources */ = {isa = PBXBuildFile; fileRef = 0D2EF45C28A6B66100ED16BD /* CurrencyFormatterTests.swift */; };
		0DB3550B289437E9003E7531 /* AppDelegate.swift in Sources */ = {isa = PBXBuildFile; fileRef = 0DB3550A289437E9003E7531 /* AppDelegate.swift */; };
		0DB3550F289437E9003E7531 /* LoginViewController.swift in Sources */ = {isa = PBXBuildFile; fileRef = 0DB3550E289437E9003E7531 /* LoginViewController.swift */; };
		0DB35514289437EC003E7531 /* Assets.xcassets in Resources */ = {isa = PBXBuildFile; fileRef = 0DB35513289437EC003E7531 /* Assets.xcassets */; };
		0DB35517289437EC003E7531 /* LaunchScreen.storyboard in Resources */ = {isa = PBXBuildFile; fileRef = 0DB35515289437EC003E7531 /* LaunchScreen.storyboard */; };
		0DB3552128944013003E7531 /* LoginView.swift in Sources */ = {isa = PBXBuildFile; fileRef = 0DB3552028944013003E7531 /* LoginView.swift */; };
		0DB5FEC7289C611A00C88C45 /* AccountSummaryViewController.swift in Sources */ = {isa = PBXBuildFile; fileRef = 0DB5FEC6289C611A00C88C45 /* AccountSummaryViewController.swift */; };
		0DB5FEC9289D7E8D00C88C45 /* AccountSummaryHeaderView.swift in Sources */ = {isa = PBXBuildFile; fileRef = 0DB5FEC8289D7E8D00C88C45 /* AccountSummaryHeaderView.swift */; };
		0DB5FECB289D7EDA00C88C45 /* AccountSummaryHeaderView.xib in Resources */ = {isa = PBXBuildFile; fileRef = 0DB5FECA289D7EDA00C88C45 /* AccountSummaryHeaderView.xib */; };
/* End PBXBuildFile section */

/* Begin PBXContainerItemProxy section */
		0D2EF45728A6B59D00ED16BD /* PBXContainerItemProxy */ = {
			isa = PBXContainerItemProxy;
			containerPortal = 0DB354FF289437E9003E7531 /* Project object */;
			proxyType = 1;
			remoteGlobalIDString = 0DB35506289437E9003E7531;
			remoteInfo = Bankey;
		};
/* End PBXContainerItemProxy section */

/* Begin PBXFileReference section */
		0D2A4BEC28998E5800DBF3FA /* OnboardingContainerViewController.swift */ = {isa = PBXFileReference; lastKnownFileType = sourcecode.swift; path = OnboardingContainerViewController.swift; sourceTree = "<group>"; };
		0D2A4BEE2899993400DBF3FA /* OnboardingViewController.swift */ = {isa = PBXFileReference; lastKnownFileType = sourcecode.swift; path = OnboardingViewController.swift; sourceTree = "<group>"; };
		0D2A4BF0289B0F9E00DBF3FA /* DummyViewController.swift */ = {isa = PBXFileReference; lastKnownFileType = sourcecode.swift; path = DummyViewController.swift; sourceTree = "<group>"; };
		0D2A4BF3289B163D00DBF3FA /* LocalState.swift */ = {isa = PBXFileReference; lastKnownFileType = sourcecode.swift; path = LocalState.swift; sourceTree = "<group>"; };
		0D2A4BF6289C289C00DBF3FA /* UIViewController+Extensions.swift */ = {isa = PBXFileReference; lastKnownFileType = sourcecode.swift; path = "UIViewController+Extensions.swift"; sourceTree = "<group>"; };
		0D2A4BF8289C2A3B00DBF3FA /* MainViewController.swift */ = {isa = PBXFileReference; lastKnownFileType = sourcecode.swift; path = MainViewController.swift; sourceTree = "<group>"; };
		0D2EF44928A444F700ED16BD /* AccountSummaryCell.swift */ = {isa = PBXFileReference; lastKnownFileType = sourcecode.swift; path = AccountSummaryCell.swift; sourceTree = "<group>"; };
		0D2EF44B28A571EA00ED16BD /* Decimal+Extensions.swift */ = {isa = PBXFileReference; lastKnownFileType = sourcecode.swift; path = "Decimal+Extensions.swift"; sourceTree = "<group>"; };
		0D2EF44D28A5723300ED16BD /* CurrencyFormatter.swift */ = {isa = PBXFileReference; lastKnownFileType = sourcecode.swift; path = CurrencyFormatter.swift; sourceTree = "<group>"; };
		0D2EF45328A6B59D00ED16BD /* BankeyUnitTests.xctest */ = {isa = PBXFileReference; explicitFileType = wrapper.cfbundle; includeInIndex = 0; path = BankeyUnitTests.xctest; sourceTree = BUILT_PRODUCTS_DIR; };
		0D2EF45C28A6B66100ED16BD /* CurrencyFormatterTests.swift */ = {isa = PBXFileReference; lastKnownFileType = sourcecode.swift; path = CurrencyFormatterTests.swift; sourceTree = "<group>"; };
		0DB35507289437E9003E7531 /* Bankey.app */ = {isa = PBXFileReference; explicitFileType = wrapper.application; includeInIndex = 0; path = Bankey.app; sourceTree = BUILT_PRODUCTS_DIR; };
		0DB3550A289437E9003E7531 /* AppDelegate.swift */ = {isa = PBXFileReference; lastKnownFileType = sourcecode.swift; path = AppDelegate.swift; sourceTree = "<group>"; };
		0DB3550E289437E9003E7531 /* LoginViewController.swift */ = {isa = PBXFileReference; lastKnownFileType = sourcecode.swift; path = LoginViewController.swift; sourceTree = "<group>"; };
		0DB35513289437EC003E7531 /* Assets.xcassets */ = {isa = PBXFileReference; lastKnownFileType = folder.assetcatalog; path = Assets.xcassets; sourceTree = "<group>"; };
		0DB35516289437EC003E7531 /* Base */ = {isa = PBXFileReference; lastKnownFileType = file.storyboard; name = Base; path = Base.lproj/LaunchScreen.storyboard; sourceTree = "<group>"; };
		0DB35518289437EC003E7531 /* Info.plist */ = {isa = PBXFileReference; lastKnownFileType = text.plist.xml; path = Info.plist; sourceTree = "<group>"; };
		0DB3552028944013003E7531 /* LoginView.swift */ = {isa = PBXFileReference; lastKnownFileType = sourcecode.swift; path = LoginView.swift; sourceTree = "<group>"; };
		0DB5FEC6289C611A00C88C45 /* AccountSummaryViewController.swift */ = {isa = PBXFileReference; lastKnownFileType = sourcecode.swift; path = AccountSummaryViewController.swift; sourceTree = "<group>"; };
		0DB5FEC8289D7E8D00C88C45 /* AccountSummaryHeaderView.swift */ = {isa = PBXFileReference; lastKnownFileType = sourcecode.swift; path = AccountSummaryHeaderView.swift; sourceTree = "<group>"; };
		0DB5FECA289D7EDA00C88C45 /* AccountSummaryHeaderView.xib */ = {isa = PBXFileReference; lastKnownFileType = file.xib; path = AccountSummaryHeaderView.xib; sourceTree = "<group>"; };
/* End PBXFileReference section */

/* Begin PBXFrameworksBuildPhase section */
		0D2EF45028A6B59D00ED16BD /* Frameworks */ = {
			isa = PBXFrameworksBuildPhase;
			buildActionMask = 2147483647;
			files = (
			);
			runOnlyForDeploymentPostprocessing = 0;
		};
		0DB35504289437E9003E7531 /* Frameworks */ = {
			isa = PBXFrameworksBuildPhase;
			buildActionMask = 2147483647;
			files = (
			);
			runOnlyForDeploymentPostprocessing = 0;
		};
/* End PBXFrameworksBuildPhase section */

/* Begin PBXGroup section */
		0D2A4BEB28998E3800DBF3FA /* Onboarding */ = {
			isa = PBXGroup;
			children = (
				0D2A4BEC28998E5800DBF3FA /* OnboardingContainerViewController.swift */,
				0D2A4BEE2899993400DBF3FA /* OnboardingViewController.swift */,
			);
			path = Onboarding;
			sourceTree = "<group>";
		};
		0D2A4BF2289B163100DBF3FA /* Utils */ = {
			isa = PBXGroup;
			children = (
				0D2A4BF3289B163D00DBF3FA /* LocalState.swift */,
				0D2EF44D28A5723300ED16BD /* CurrencyFormatter.swift */,
			);
			path = Utils;
			sourceTree = "<group>";
		};
		0D2A4BF5289C288800DBF3FA /* Extensions */ = {
			isa = PBXGroup;
			children = (
				0D2A4BF6289C289C00DBF3FA /* UIViewController+Extensions.swift */,
				0D2EF44B28A571EA00ED16BD /* Decimal+Extensions.swift */,
			);
			path = Extensions;
			sourceTree = "<group>";
		};
		0D2EF44728A444A800ED16BD /* Header */ = {
			isa = PBXGroup;
			children = (
				0DB5FEC8289D7E8D00C88C45 /* AccountSummaryHeaderView.swift */,
				0DB5FECA289D7EDA00C88C45 /* AccountSummaryHeaderView.xib */,
			);
			path = Header;
			sourceTree = "<group>";
		};
		0D2EF44828A444C000ED16BD /* Cells */ = {
			isa = PBXGroup;
			children = (
				0D2EF44928A444F700ED16BD /* AccountSummaryCell.swift */,
			);
			path = Cells;
			sourceTree = "<group>";
		};
		0D2EF45428A6B59D00ED16BD /* BankeyUnitTests */ = {
			isa = PBXGroup;
			children = (
				0D2EF45C28A6B66100ED16BD /* CurrencyFormatterTests.swift */,
			);
			path = BankeyUnitTests;
			sourceTree = "<group>";
		};
		0DB354FE289437E9003E7531 = {
			isa = PBXGroup;
			children = (
				0DB35509289437E9003E7531 /* Bankey */,
				0D2EF45428A6B59D00ED16BD /* BankeyUnitTests */,
				0DB35508289437E9003E7531 /* Products */,
			);
			sourceTree = "<group>";
		};
		0DB35508289437E9003E7531 /* Products */ = {
			isa = PBXGroup;
			children = (
				0DB35507289437E9003E7531 /* Bankey.app */,
				0D2EF45328A6B59D00ED16BD /* BankeyUnitTests.xctest */,
			);
			name = Products;
			sourceTree = "<group>";
		};
		0DB35509289437E9003E7531 /* Bankey */ = {
			isa = PBXGroup;
			children = (
				0DB3550A289437E9003E7531 /* AppDelegate.swift */,
				0D2A4BF8289C2A3B00DBF3FA /* MainViewController.swift */,
				0DB3551F28943F9C003E7531 /* Login */,
				0D2A4BEB28998E3800DBF3FA /* Onboarding */,
				0DB5FEC5289C60F100C88C45 /* AccountSummary */,
				0D2A4BF2289B163100DBF3FA /* Utils */,
				0D2A4BF5289C288800DBF3FA /* Extensions */,
				0DB3551E28943F8D003E7531 /* Files */,
			);
			path = Bankey;
			sourceTree = "<group>";
		};
		0DB3551E28943F8D003E7531 /* Files */ = {
			isa = PBXGroup;
			children = (
				0DB35513289437EC003E7531 /* Assets.xcassets */,
				0DB35515289437EC003E7531 /* LaunchScreen.storyboard */,
				0DB35518289437EC003E7531 /* Info.plist */,
			);
			name = Files;
			sourceTree = "<group>";
		};
		0DB3551F28943F9C003E7531 /* Login */ = {
			isa = PBXGroup;
			children = (
				0DB3550E289437E9003E7531 /* LoginViewController.swift */,
				0DB3552028944013003E7531 /* LoginView.swift */,
				0D2A4BF0289B0F9E00DBF3FA /* DummyViewController.swift */,
			);
			path = Login;
			sourceTree = "<group>";
		};
		0DB5FEC5289C60F100C88C45 /* AccountSummary */ = {
			isa = PBXGroup;
			children = (
				0DB5FEC6289C611A00C88C45 /* AccountSummaryViewController.swift */,
				0D2EF44728A444A800ED16BD /* Header */,
				0D2EF44828A444C000ED16BD /* Cells */,
			);
			path = AccountSummary;
			sourceTree = "<group>";
		};
/* End PBXGroup section */

/* Begin PBXNativeTarget section */
		0D2EF45228A6B59D00ED16BD /* BankeyUnitTests */ = {
			isa = PBXNativeTarget;
			buildConfigurationList = 0D2EF45928A6B59D00ED16BD /* Build configuration list for PBXNativeTarget "BankeyUnitTests" */;
			buildPhases = (
				0D2EF44F28A6B59D00ED16BD /* Sources */,
				0D2EF45028A6B59D00ED16BD /* Frameworks */,
				0D2EF45128A6B59D00ED16BD /* Resources */,
			);
			buildRules = (
			);
			dependencies = (
				0D2EF45828A6B59D00ED16BD /* PBXTargetDependency */,
			);
			name = BankeyUnitTests;
			productName = BankeyUnitTests;
			productReference = 0D2EF45328A6B59D00ED16BD /* BankeyUnitTests.xctest */;
			productType = "com.apple.product-type.bundle.unit-test";
		};
		0DB35506289437E9003E7531 /* Bankey */ = {
			isa = PBXNativeTarget;
			buildConfigurationList = 0DB3551B289437EC003E7531 /* Build configuration list for PBXNativeTarget "Bankey" */;
			buildPhases = (
				0DB35503289437E9003E7531 /* Sources */,
				0DB35504289437E9003E7531 /* Frameworks */,
				0DB35505289437E9003E7531 /* Resources */,
			);
			buildRules = (
			);
			dependencies = (
			);
			name = Bankey;
			productName = Bankey;
			productReference = 0DB35507289437E9003E7531 /* Bankey.app */;
			productType = "com.apple.product-type.application";
		};
/* End PBXNativeTarget section */

/* Begin PBXProject section */
		0DB354FF289437E9003E7531 /* Project object */ = {
			isa = PBXProject;
			attributes = {
				BuildIndependentTargetsInParallel = 1;
				LastSwiftUpdateCheck = 1340;
				LastUpgradeCheck = 1340;
				TargetAttributes = {
					0D2EF45228A6B59D00ED16BD = {
						CreatedOnToolsVersion = 13.4.1;
						LastSwiftMigration = 1340;
						TestTargetID = 0DB35506289437E9003E7531;
					};
					0DB35506289437E9003E7531 = {
						CreatedOnToolsVersion = 13.4.1;
					};
				};
			};
			buildConfigurationList = 0DB35502289437E9003E7531 /* Build configuration list for PBXProject "Bankey" */;
			compatibilityVersion = "Xcode 13.0";
			developmentRegion = en;
			hasScannedForEncodings = 0;
			knownRegions = (
				en,
				Base,
			);
			mainGroup = 0DB354FE289437E9003E7531;
			productRefGroup = 0DB35508289437E9003E7531 /* Products */;
			projectDirPath = "";
			projectRoot = "";
			targets = (
				0DB35506289437E9003E7531 /* Bankey */,
				0D2EF45228A6B59D00ED16BD /* BankeyUnitTests */,
			);
		};
/* End PBXProject section */

/* Begin PBXResourcesBuildPhase section */
		0D2EF45128A6B59D00ED16BD /* Resources */ = {
			isa = PBXResourcesBuildPhase;
			buildActionMask = 2147483647;
			files = (
			);
			runOnlyForDeploymentPostprocessing = 0;
		};
		0DB35505289437E9003E7531 /* Resources */ = {
			isa = PBXResourcesBuildPhase;
			buildActionMask = 2147483647;
			files = (
				0DB5FECB289D7EDA00C88C45 /* AccountSummaryHeaderView.xib in Resources */,
				0DB35517289437EC003E7531 /* LaunchScreen.storyboard in Resources */,
				0DB35514289437EC003E7531 /* Assets.xcassets in Resources */,
			);
			runOnlyForDeploymentPostprocessing = 0;
		};
/* End PBXResourcesBuildPhase section */

/* Begin PBXSourcesBuildPhase section */
		0D2EF44F28A6B59D00ED16BD /* Sources */ = {
			isa = PBXSourcesBuildPhase;
			buildActionMask = 2147483647;
			files = (
				0D2EF45D28A6B66100ED16BD /* CurrencyFormatterTests.swift in Sources */,
			);
			runOnlyForDeploymentPostprocessing = 0;
		};
		0DB35503289437E9003E7531 /* Sources */ = {
			isa = PBXSourcesBuildPhase;
			buildActionMask = 2147483647;
			files = (
				0D2EF44C28A571EA00ED16BD /* Decimal+Extensions.swift in Sources */,
				0DB3552128944013003E7531 /* LoginView.swift in Sources */,
				0D2A4BF4289B163D00DBF3FA /* LocalState.swift in Sources */,
				0D2A4BF1289B0F9E00DBF3FA /* DummyViewController.swift in Sources */,
				0DB5FEC9289D7E8D00C88C45 /* AccountSummaryHeaderView.swift in Sources */,
				0D2EF44E28A5723300ED16BD /* CurrencyFormatter.swift in Sources */,
				0DB3550F289437E9003E7531 /* LoginViewController.swift in Sources */,
				0D2A4BF7289C289C00DBF3FA /* UIViewController+Extensions.swift in Sources */,
				0D2EF44A28A444F700ED16BD /* AccountSummaryCell.swift in Sources */,
				0D2A4BEF2899993400DBF3FA /* OnboardingViewController.swift in Sources */,
				0D2A4BF9289C2A3B00DBF3FA /* MainViewController.swift in Sources */,
				0DB5FEC7289C611A00C88C45 /* AccountSummaryViewController.swift in Sources */,
				0DB3550B289437E9003E7531 /* AppDelegate.swift in Sources */,
				0D2A4BED28998E5800DBF3FA /* OnboardingContainerViewController.swift in Sources */,
			);
			runOnlyForDeploymentPostprocessing = 0;
		};
/* End PBXSourcesBuildPhase section */

/* Begin PBXTargetDependency section */
		0D2EF45828A6B59D00ED16BD /* PBXTargetDependency */ = {
			isa = PBXTargetDependency;
			target = 0DB35506289437E9003E7531 /* Bankey */;
			targetProxy = 0D2EF45728A6B59D00ED16BD /* PBXContainerItemProxy */;
		};
/* End PBXTargetDependency section */

/* Begin PBXVariantGroup section */
		0DB35515289437EC003E7531 /* LaunchScreen.storyboard */ = {
			isa = PBXVariantGroup;
			children = (
				0DB35516289437EC003E7531 /* Base */,
			);
			name = LaunchScreen.storyboard;
			sourceTree = "<group>";
		};
/* End PBXVariantGroup section */

/* Begin XCBuildConfiguration section */
		0D2EF45A28A6B59D00ED16BD /* Debug */ = {
			isa = XCBuildConfiguration;
			buildSettings = {
				BUNDLE_LOADER = "$(TEST_HOST)";
				CLANG_ENABLE_MODULES = YES;
				CODE_SIGN_STYLE = Automatic;
				CURRENT_PROJECT_VERSION = 1;
				GENERATE_INFOPLIST_FILE = YES;
				LD_RUNPATH_SEARCH_PATHS = (
					"$(inherited)",
					"@executable_path/Frameworks",
					"@loader_path/Frameworks",
				);
				MARKETING_VERSION = 1.0;
				PRODUCT_BUNDLE_IDENTIFIER = com.mia.BankeyUnitTests;
				PRODUCT_NAME = "$(TARGET_NAME)";
				SWIFT_EMIT_LOC_STRINGS = NO;
				SWIFT_OPTIMIZATION_LEVEL = "-Onone";
				SWIFT_VERSION = 5.0;
				TARGETED_DEVICE_FAMILY = "1,2";
				TEST_HOST = "$(BUILT_PRODUCTS_DIR)/Bankey.app/Bankey";
			};
			name = Debug;
		};
		0D2EF45B28A6B59D00ED16BD /* Release */ = {
			isa = XCBuildConfiguration;
			buildSettings = {
				BUNDLE_LOADER = "$(TEST_HOST)";
				CLANG_ENABLE_MODULES = YES;
				CODE_SIGN_STYLE = Automatic;
				CURRENT_PROJECT_VERSION = 1;
				GENERATE_INFOPLIST_FILE = YES;
				LD_RUNPATH_SEARCH_PATHS = (
					"$(inherited)",
					"@executable_path/Frameworks",
					"@loader_path/Frameworks",
				);
				MARKETING_VERSION = 1.0;
				PRODUCT_BUNDLE_IDENTIFIER = com.mia.BankeyUnitTests;
				PRODUCT_NAME = "$(TARGET_NAME)";
				SWIFT_EMIT_LOC_STRINGS = NO;
				SWIFT_VERSION = 5.0;
				TARGETED_DEVICE_FAMILY = "1,2";
				TEST_HOST = "$(BUILT_PRODUCTS_DIR)/Bankey.app/Bankey";
			};
			name = Release;
		};
		0DB35519289437EC003E7531 /* Debug */ = {
			isa = XCBuildConfiguration;
			buildSettings = {
				ALWAYS_SEARCH_USER_PATHS = NO;
				CLANG_ANALYZER_NONNULL = YES;
				CLANG_ANALYZER_NUMBER_OBJECT_CONVERSION = YES_AGGRESSIVE;
				CLANG_CXX_LANGUAGE_STANDARD = "gnu++17";
				CLANG_ENABLE_MODULES = YES;
				CLANG_ENABLE_OBJC_ARC = YES;
				CLANG_ENABLE_OBJC_WEAK = YES;
				CLANG_WARN_BLOCK_CAPTURE_AUTORELEASING = YES;
				CLANG_WARN_BOOL_CONVERSION = YES;
				CLANG_WARN_COMMA = YES;
				CLANG_WARN_CONSTANT_CONVERSION = YES;
				CLANG_WARN_DEPRECATED_OBJC_IMPLEMENTATIONS = YES;
				CLANG_WARN_DIRECT_OBJC_ISA_USAGE = YES_ERROR;
				CLANG_WARN_DOCUMENTATION_COMMENTS = YES;
				CLANG_WARN_EMPTY_BODY = YES;
				CLANG_WARN_ENUM_CONVERSION = YES;
				CLANG_WARN_INFINITE_RECURSION = YES;
				CLANG_WARN_INT_CONVERSION = YES;
				CLANG_WARN_NON_LITERAL_NULL_CONVERSION = YES;
				CLANG_WARN_OBJC_IMPLICIT_RETAIN_SELF = YES;
				CLANG_WARN_OBJC_LITERAL_CONVERSION = YES;
				CLANG_WARN_OBJC_ROOT_CLASS = YES_ERROR;
				CLANG_WARN_QUOTED_INCLUDE_IN_FRAMEWORK_HEADER = YES;
				CLANG_WARN_RANGE_LOOP_ANALYSIS = YES;
				CLANG_WARN_STRICT_PROTOTYPES = YES;
				CLANG_WARN_SUSPICIOUS_MOVE = YES;
				CLANG_WARN_UNGUARDED_AVAILABILITY = YES_AGGRESSIVE;
				CLANG_WARN_UNREACHABLE_CODE = YES;
				CLANG_WARN__DUPLICATE_METHOD_MATCH = YES;
				COPY_PHASE_STRIP = NO;
				DEBUG_INFORMATION_FORMAT = dwarf;
				ENABLE_STRICT_OBJC_MSGSEND = YES;
				ENABLE_TESTABILITY = YES;
				GCC_C_LANGUAGE_STANDARD = gnu11;
				GCC_DYNAMIC_NO_PIC = NO;
				GCC_NO_COMMON_BLOCKS = YES;
				GCC_OPTIMIZATION_LEVEL = 0;
				GCC_PREPROCESSOR_DEFINITIONS = (
					"DEBUG=1",
					"$(inherited)",
				);
				GCC_WARN_64_TO_32_BIT_CONVERSION = YES;
				GCC_WARN_ABOUT_RETURN_TYPE = YES_ERROR;
				GCC_WARN_UNDECLARED_SELECTOR = YES;
				GCC_WARN_UNINITIALIZED_AUTOS = YES_AGGRESSIVE;
				GCC_WARN_UNUSED_FUNCTION = YES;
				GCC_WARN_UNUSED_VARIABLE = YES;
				IPHONEOS_DEPLOYMENT_TARGET = 15.5;
				MTL_ENABLE_DEBUG_INFO = INCLUDE_SOURCE;
				MTL_FAST_MATH = YES;
				ONLY_ACTIVE_ARCH = YES;
				SDKROOT = iphoneos;
				SWIFT_ACTIVE_COMPILATION_CONDITIONS = DEBUG;
				SWIFT_OPTIMIZATION_LEVEL = "-Onone";
			};
			name = Debug;
		};
		0DB3551A289437EC003E7531 /* Release */ = {
			isa = XCBuildConfiguration;
			buildSettings = {
				ALWAYS_SEARCH_USER_PATHS = NO;
				CLANG_ANALYZER_NONNULL = YES;
				CLANG_ANALYZER_NUMBER_OBJECT_CONVERSION = YES_AGGRESSIVE;
				CLANG_CXX_LANGUAGE_STANDARD = "gnu++17";
				CLANG_ENABLE_MODULES = YES;
				CLANG_ENABLE_OBJC_ARC = YES;
				CLANG_ENABLE_OBJC_WEAK = YES;
				CLANG_WARN_BLOCK_CAPTURE_AUTORELEASING = YES;
				CLANG_WARN_BOOL_CONVERSION = YES;
				CLANG_WARN_COMMA = YES;
				CLANG_WARN_CONSTANT_CONVERSION = YES;
				CLANG_WARN_DEPRECATED_OBJC_IMPLEMENTATIONS = YES;
				CLANG_WARN_DIRECT_OBJC_ISA_USAGE = YES_ERROR;
				CLANG_WARN_DOCUMENTATION_COMMENTS = YES;
				CLANG_WARN_EMPTY_BODY = YES;
				CLANG_WARN_ENUM_CONVERSION = YES;
				CLANG_WARN_INFINITE_RECURSION = YES;
				CLANG_WARN_INT_CONVERSION = YES;
				CLANG_WARN_NON_LITERAL_NULL_CONVERSION = YES;
				CLANG_WARN_OBJC_IMPLICIT_RETAIN_SELF = YES;
				CLANG_WARN_OBJC_LITERAL_CONVERSION = YES;
				CLANG_WARN_OBJC_ROOT_CLASS = YES_ERROR;
				CLANG_WARN_QUOTED_INCLUDE_IN_FRAMEWORK_HEADER = YES;
				CLANG_WARN_RANGE_LOOP_ANALYSIS = YES;
				CLANG_WARN_STRICT_PROTOTYPES = YES;
				CLANG_WARN_SUSPICIOUS_MOVE = YES;
				CLANG_WARN_UNGUARDED_AVAILABILITY = YES_AGGRESSIVE;
				CLANG_WARN_UNREACHABLE_CODE = YES;
				CLANG_WARN__DUPLICATE_METHOD_MATCH = YES;
				COPY_PHASE_STRIP = NO;
				DEBUG_INFORMATION_FORMAT = "dwarf-with-dsym";
				ENABLE_NS_ASSERTIONS = NO;
				ENABLE_STRICT_OBJC_MSGSEND = YES;
				GCC_C_LANGUAGE_STANDARD = gnu11;
				GCC_NO_COMMON_BLOCKS = YES;
				GCC_WARN_64_TO_32_BIT_CONVERSION = YES;
				GCC_WARN_ABOUT_RETURN_TYPE = YES_ERROR;
				GCC_WARN_UNDECLARED_SELECTOR = YES;
				GCC_WARN_UNINITIALIZED_AUTOS = YES_AGGRESSIVE;
				GCC_WARN_UNUSED_FUNCTION = YES;
				GCC_WARN_UNUSED_VARIABLE = YES;
				IPHONEOS_DEPLOYMENT_TARGET = 15.5;
				MTL_ENABLE_DEBUG_INFO = NO;
				MTL_FAST_MATH = YES;
				SDKROOT = iphoneos;
				SWIFT_COMPILATION_MODE = wholemodule;
				SWIFT_OPTIMIZATION_LEVEL = "-O";
				VALIDATE_PRODUCT = YES;
			};
			name = Release;
		};
		0DB3551C289437EC003E7531 /* Debug */ = {
			isa = XCBuildConfiguration;
			buildSettings = {
				ASSETCATALOG_COMPILER_APPICON_NAME = AppIcon;
				ASSETCATALOG_COMPILER_GLOBAL_ACCENT_COLOR_NAME = AccentColor;
				CODE_SIGN_IDENTITY = "Apple Development";
				CODE_SIGN_STYLE = Automatic;
				CURRENT_PROJECT_VERSION = 1;
				DEVELOPMENT_TEAM = "";
				GENERATE_INFOPLIST_FILE = YES;
				INFOPLIST_FILE = Bankey/Info.plist;
				INFOPLIST_KEY_UIApplicationSupportsIndirectInputEvents = YES;
				INFOPLIST_KEY_UILaunchStoryboardName = LaunchScreen;
				INFOPLIST_KEY_UISupportedInterfaceOrientations_iPad = "UIInterfaceOrientationPortrait UIInterfaceOrientationPortraitUpsideDown UIInterfaceOrientationLandscapeLeft UIInterfaceOrientationLandscapeRight";
				INFOPLIST_KEY_UISupportedInterfaceOrientations_iPhone = "UIInterfaceOrientationPortrait UIInterfaceOrientationLandscapeLeft UIInterfaceOrientationLandscapeRight";
				LD_RUNPATH_SEARCH_PATHS = (
					"$(inherited)",
					"@executable_path/Frameworks",
				);
				MARKETING_VERSION = 1.0;
				PRODUCT_BUNDLE_IDENTIFIER = com.mia.Bankey;
				PRODUCT_NAME = "$(TARGET_NAME)";
				PROVISIONING_PROFILE_SPECIFIER = "";
				SWIFT_EMIT_LOC_STRINGS = YES;
				SWIFT_VERSION = 5.0;
				TARGETED_DEVICE_FAMILY = "1,2";
			};
			name = Debug;
		};
		0DB3551D289437EC003E7531 /* Release */ = {
			isa = XCBuildConfiguration;
			buildSettings = {
				ASSETCATALOG_COMPILER_APPICON_NAME = AppIcon;
				ASSETCATALOG_COMPILER_GLOBAL_ACCENT_COLOR_NAME = AccentColor;
				CODE_SIGN_IDENTITY = "Apple Development";
				CODE_SIGN_STYLE = Automatic;
				CURRENT_PROJECT_VERSION = 1;
				DEVELOPMENT_TEAM = "";
				GENERATE_INFOPLIST_FILE = YES;
				INFOPLIST_FILE = Bankey/Info.plist;
				INFOPLIST_KEY_UIApplicationSupportsIndirectInputEvents = YES;
				INFOPLIST_KEY_UILaunchStoryboardName = LaunchScreen;
				INFOPLIST_KEY_UISupportedInterfaceOrientations_iPad = "UIInterfaceOrientationPortrait UIInterfaceOrientationPortraitUpsideDown UIInterfaceOrientationLandscapeLeft UIInterfaceOrientationLandscapeRight";
				INFOPLIST_KEY_UISupportedInterfaceOrientations_iPhone = "UIInterfaceOrientationPortrait UIInterfaceOrientationLandscapeLeft UIInterfaceOrientationLandscapeRight";
				LD_RUNPATH_SEARCH_PATHS = (
					"$(inherited)",
					"@executable_path/Frameworks",
				);
				MARKETING_VERSION = 1.0;
				PRODUCT_BUNDLE_IDENTIFIER = com.mia.Bankey;
				PRODUCT_NAME = "$(TARGET_NAME)";
				PROVISIONING_PROFILE_SPECIFIER = "";
				SWIFT_EMIT_LOC_STRINGS = YES;
				SWIFT_VERSION = 5.0;
				TARGETED_DEVICE_FAMILY = "1,2";
			};
			name = Release;
		};
/* End XCBuildConfiguration section */

/* Begin XCConfigurationList section */
		0D2EF45928A6B59D00ED16BD /* Build configuration list for PBXNativeTarget "BankeyUnitTests" */ = {
			isa = XCConfigurationList;
			buildConfigurations = (
				0D2EF45A28A6B59D00ED16BD /* Debug */,
				0D2EF45B28A6B59D00ED16BD /* Release */,
			);
			defaultConfigurationIsVisible = 0;
			defaultConfigurationName = Release;
		};
		0DB35502289437E9003E7531 /* Build configuration list for PBXProject "Bankey" */ = {
			isa = XCConfigurationList;
			buildConfigurations = (
				0DB35519289437EC003E7531 /* Debug */,
				0DB3551A289437EC003E7531 /* Release */,
			);
			defaultConfigurationIsVisible = 0;
			defaultConfigurationName = Release;
		};
		0DB3551B289437EC003E7531 /* Build configuration list for PBXNativeTarget "Bankey" */ = {
			isa = XCConfigurationList;
			buildConfigurations = (
				0DB3551C289437EC003E7531 /* Debug */,
				0DB3551D289437EC003E7531 /* Release */,
			);
			defaultConfigurationIsVisible = 0;
			defaultConfigurationName = Release;
		};
/* End XCConfigurationList section */
	};
	rootObject = 0DB354FF289437E9003E7531 /* Project object */;
}
