// !$*UTF8*$!
{
	archiveVersion = 1;
	classes = {
	};
	objectVersion = 56;
	objects = {

/* Begin PBXBuildFile section */
		0D59584129B063E7005535C7 /* PasswordCriteriaView.swift in Sources */ = {isa = PBXBuildFile; fileRef = 0D59584029B063E7005535C7 /* PasswordCriteriaView.swift */; };
		0D59584329B1B420005535C7 /* PasswordStatusView.swift in Sources */ = {isa = PBXBuildFile; fileRef = 0D59584229B1B420005535C7 /* PasswordStatusView.swift */; };
		0D59584529B30365005535C7 /* PasswordCriteria.swift in Sources */ = {isa = PBXBuildFile; fileRef = 0D59584429B30365005535C7 /* PasswordCriteria.swift */; };
		0D59584829B5D988005535C7 /* UIResponder+Extensions.swift in Sources */ = {isa = PBXBuildFile; fileRef = 0D59584729B5D988005535C7 /* UIResponder+Extensions.swift */; };
		0D59584A29B5F7F0005535C7 /* PasswordCriteriaTests.swift in Sources */ = {isa = PBXBuildFile; fileRef = 0D59584929B5F7F0005535C7 /* PasswordCriteriaTests.swift */; };
		0D59584C29B6127E005535C7 /* PasswordStatusViewTests.swift in Sources */ = {isa = PBXBuildFile; fileRef = 0D59584B29B6127E005535C7 /* PasswordStatusViewTests.swift */; };
		0D59584E29B618BD005535C7 /* ViewControllerTests.swift in Sources */ = {isa = PBXBuildFile; fileRef = 0D59584D29B618BD005535C7 /* ViewControllerTests.swift */; };
		0D8A66AA29AB1E640029A569 /* PasswordTextField.swift in Sources */ = {isa = PBXBuildFile; fileRef = 0D8A66A929AB1E640029A569 /* PasswordTextField.swift */; };
		0DFB9D3C29AA39890066D32A /* AppDelegate.swift in Sources */ = {isa = PBXBuildFile; fileRef = 0DFB9D3B29AA39890066D32A /* AppDelegate.swift */; };
		0DFB9D4029AA39890066D32A /* ViewController.swift in Sources */ = {isa = PBXBuildFile; fileRef = 0DFB9D3F29AA39890066D32A /* ViewController.swift */; };
		0DFB9D4829AA398A0066D32A /* Assets.xcassets in Resources */ = {isa = PBXBuildFile; fileRef = 0DFB9D4729AA398A0066D32A /* Assets.xcassets */; };
		0DFB9D4B29AA398A0066D32A /* LaunchScreen.storyboard in Resources */ = {isa = PBXBuildFile; fileRef = 0DFB9D4929AA398A0066D32A /* LaunchScreen.storyboard */; };
		0DFB9D6029AA398A0066D32A /* PasswordUITests.swift in Sources */ = {isa = PBXBuildFile; fileRef = 0DFB9D5F29AA398A0066D32A /* PasswordUITests.swift */; };
		0DFB9D6229AA398A0066D32A /* PasswordUITestsLaunchTests.swift in Sources */ = {isa = PBXBuildFile; fileRef = 0DFB9D6129AA398A0066D32A /* PasswordUITestsLaunchTests.swift */; };
/* End PBXBuildFile section */

/* Begin PBXContainerItemProxy section */
		0DFB9D5229AA398A0066D32A /* PBXContainerItemProxy */ = {
			isa = PBXContainerItemProxy;
			containerPortal = 0DFB9D3029AA39890066D32A /* Project object */;
			proxyType = 1;
			remoteGlobalIDString = 0DFB9D3729AA39890066D32A;
			remoteInfo = Password;
		};
		0DFB9D5C29AA398A0066D32A /* PBXContainerItemProxy */ = {
			isa = PBXContainerItemProxy;
			containerPortal = 0DFB9D3029AA39890066D32A /* Project object */;
			proxyType = 1;
			remoteGlobalIDString = 0DFB9D3729AA39890066D32A;
			remoteInfo = Password;
		};
/* End PBXContainerItemProxy section */

/* Begin PBXFileReference section */
		0D59584029B063E7005535C7 /* PasswordCriteriaView.swift */ = {isa = PBXFileReference; lastKnownFileType = sourcecode.swift; path = PasswordCriteriaView.swift; sourceTree = "<group>"; };
		0D59584229B1B420005535C7 /* PasswordStatusView.swift */ = {isa = PBXFileReference; lastKnownFileType = sourcecode.swift; path = PasswordStatusView.swift; sourceTree = "<group>"; };
		0D59584429B30365005535C7 /* PasswordCriteria.swift */ = {isa = PBXFileReference; lastKnownFileType = sourcecode.swift; path = PasswordCriteria.swift; sourceTree = "<group>"; };
		0D59584729B5D988005535C7 /* UIResponder+Extensions.swift */ = {isa = PBXFileReference; lastKnownFileType = sourcecode.swift; path = "UIResponder+Extensions.swift"; sourceTree = "<group>"; };
		0D59584929B5F7F0005535C7 /* PasswordCriteriaTests.swift */ = {isa = PBXFileReference; lastKnownFileType = sourcecode.swift; path = PasswordCriteriaTests.swift; sourceTree = "<group>"; };
		0D59584B29B6127E005535C7 /* PasswordStatusViewTests.swift */ = {isa = PBXFileReference; lastKnownFileType = sourcecode.swift; path = PasswordStatusViewTests.swift; sourceTree = "<group>"; };
		0D59584D29B618BD005535C7 /* ViewControllerTests.swift */ = {isa = PBXFileReference; lastKnownFileType = sourcecode.swift; path = ViewControllerTests.swift; sourceTree = "<group>"; };
		0D8A66A929AB1E640029A569 /* PasswordTextField.swift */ = {isa = PBXFileReference; lastKnownFileType = sourcecode.swift; path = PasswordTextField.swift; sourceTree = "<group>"; };
		0DFB9D3829AA39890066D32A /* Password.app */ = {isa = PBXFileReference; explicitFileType = wrapper.application; includeInIndex = 0; path = Password.app; sourceTree = BUILT_PRODUCTS_DIR; };
		0DFB9D3B29AA39890066D32A /* AppDelegate.swift */ = {isa = PBXFileReference; lastKnownFileType = sourcecode.swift; path = AppDelegate.swift; sourceTree = "<group>"; };
		0DFB9D3F29AA39890066D32A /* ViewController.swift */ = {isa = PBXFileReference; lastKnownFileType = sourcecode.swift; path = ViewController.swift; sourceTree = "<group>"; };
		0DFB9D4729AA398A0066D32A /* Assets.xcassets */ = {isa = PBXFileReference; lastKnownFileType = folder.assetcatalog; path = Assets.xcassets; sourceTree = "<group>"; };
		0DFB9D4A29AA398A0066D32A /* Base */ = {isa = PBXFileReference; lastKnownFileType = file.storyboard; name = Base; path = Base.lproj/LaunchScreen.storyboard; sourceTree = "<group>"; };
		0DFB9D4C29AA398A0066D32A /* Info.plist */ = {isa = PBXFileReference; lastKnownFileType = text.plist.xml; path = Info.plist; sourceTree = "<group>"; };
		0DFB9D5129AA398A0066D32A /* PasswordTests.xctest */ = {isa = PBXFileReference; explicitFileType = wrapper.cfbundle; includeInIndex = 0; path = PasswordTests.xctest; sourceTree = BUILT_PRODUCTS_DIR; };
		0DFB9D5B29AA398A0066D32A /* PasswordUITests.xctest */ = {isa = PBXFileReference; explicitFileType = wrapper.cfbundle; includeInIndex = 0; path = PasswordUITests.xctest; sourceTree = BUILT_PRODUCTS_DIR; };
		0DFB9D5F29AA398A0066D32A /* PasswordUITests.swift */ = {isa = PBXFileReference; lastKnownFileType = sourcecode.swift; path = PasswordUITests.swift; sourceTree = "<group>"; };
		0DFB9D6129AA398A0066D32A /* PasswordUITestsLaunchTests.swift */ = {isa = PBXFileReference; lastKnownFileType = sourcecode.swift; path = PasswordUITestsLaunchTests.swift; sourceTree = "<group>"; };
/* End PBXFileReference section */

/* Begin PBXFrameworksBuildPhase section */
		0DFB9D3529AA39890066D32A /* Frameworks */ = {
			isa = PBXFrameworksBuildPhase;
			buildActionMask = 2147483647;
			files = (
			);
			runOnlyForDeploymentPostprocessing = 0;
		};
		0DFB9D4E29AA398A0066D32A /* Frameworks */ = {
			isa = PBXFrameworksBuildPhase;
			buildActionMask = 2147483647;
			files = (
			);
			runOnlyForDeploymentPostprocessing = 0;
		};
		0DFB9D5829AA398A0066D32A /* Frameworks */ = {
			isa = PBXFrameworksBuildPhase;
			buildActionMask = 2147483647;
			files = (
			);
			runOnlyForDeploymentPostprocessing = 0;
		};
/* End PBXFrameworksBuildPhase section */

/* Begin PBXGroup section */
		0D59583F29B063C3005535C7 /* PasswordStatusView */ = {
			isa = PBXGroup;
			children = (
				0D59584029B063E7005535C7 /* PasswordCriteriaView.swift */,
				0D59584429B30365005535C7 /* PasswordCriteria.swift */,
				0D59584229B1B420005535C7 /* PasswordStatusView.swift */,
			);
			path = PasswordStatusView;
			sourceTree = "<group>";
		};
		0D59584629B5D968005535C7 /* Utils */ = {
			isa = PBXGroup;
			children = (
				0D59584729B5D988005535C7 /* UIResponder+Extensions.swift */,
			);
			path = Utils;
			sourceTree = "<group>";
		};
		0DFB9D2F29AA39890066D32A = {
			isa = PBXGroup;
			children = (
				0DFB9D3A29AA39890066D32A /* Password */,
				0DFB9D5429AA398A0066D32A /* PasswordTests */,
				0DFB9D5E29AA398A0066D32A /* PasswordUITests */,
				0DFB9D3929AA39890066D32A /* Products */,
			);
			sourceTree = "<group>";
		};
		0DFB9D3929AA39890066D32A /* Products */ = {
			isa = PBXGroup;
			children = (
				0DFB9D3829AA39890066D32A /* Password.app */,
				0DFB9D5129AA398A0066D32A /* PasswordTests.xctest */,
				0DFB9D5B29AA398A0066D32A /* PasswordUITests.xctest */,
			);
			name = Products;
			sourceTree = "<group>";
		};
		0DFB9D3A29AA39890066D32A /* Password */ = {
			isa = PBXGroup;
			children = (
				0D59584629B5D968005535C7 /* Utils */,
				0D59583F29B063C3005535C7 /* PasswordStatusView */,
				0DFB9D4C29AA398A0066D32A /* Info.plist */,
				0DFB9D3B29AA39890066D32A /* AppDelegate.swift */,
				0DFB9D3F29AA39890066D32A /* ViewController.swift */,
				0D8A66A929AB1E640029A569 /* PasswordTextField.swift */,
				0DFB9D6E29AA3A120066D32A /* Files */,
			);
			path = Password;
			sourceTree = "<group>";
		};
		0DFB9D5429AA398A0066D32A /* PasswordTests */ = {
			isa = PBXGroup;
			children = (
				0D59584929B5F7F0005535C7 /* PasswordCriteriaTests.swift */,
				0D59584B29B6127E005535C7 /* PasswordStatusViewTests.swift */,
				0D59584D29B618BD005535C7 /* ViewControllerTests.swift */,
			);
			path = PasswordTests;
			sourceTree = "<group>";
		};
		0DFB9D5E29AA398A0066D32A /* PasswordUITests */ = {
			isa = PBXGroup;
			children = (
				0DFB9D5F29AA398A0066D32A /* PasswordUITests.swift */,
				0DFB9D6129AA398A0066D32A /* PasswordUITestsLaunchTests.swift */,
			);
			path = PasswordUITests;
			sourceTree = "<group>";
		};
		0DFB9D6E29AA3A120066D32A /* Files */ = {
			isa = PBXGroup;
			children = (
				0DFB9D4729AA398A0066D32A /* Assets.xcassets */,
				0DFB9D4929AA398A0066D32A /* LaunchScreen.storyboard */,
			);
			path = Files;
			sourceTree = "<group>";
		};
/* End PBXGroup section */

/* Begin PBXNativeTarget section */
		0DFB9D3729AA39890066D32A /* Password */ = {
			isa = PBXNativeTarget;
			buildConfigurationList = 0DFB9D6529AA398A0066D32A /* Build configuration list for PBXNativeTarget "Password" */;
			buildPhases = (
				0DFB9D3429AA39890066D32A /* Sources */,
				0DFB9D3529AA39890066D32A /* Frameworks */,
				0DFB9D3629AA39890066D32A /* Resources */,
			);
			buildRules = (
			);
			dependencies = (
			);
			name = Password;
			productName = Password;
			productReference = 0DFB9D3829AA39890066D32A /* Password.app */;
			productType = "com.apple.product-type.application";
		};
		0DFB9D5029AA398A0066D32A /* PasswordTests */ = {
			isa = PBXNativeTarget;
			buildConfigurationList = 0DFB9D6829AA398A0066D32A /* Build configuration list for PBXNativeTarget "PasswordTests" */;
			buildPhases = (
				0DFB9D4D29AA398A0066D32A /* Sources */,
				0DFB9D4E29AA398A0066D32A /* Frameworks */,
				0DFB9D4F29AA398A0066D32A /* Resources */,
			);
			buildRules = (
			);
			dependencies = (
				0DFB9D5329AA398A0066D32A /* PBXTargetDependency */,
			);
			name = PasswordTests;
			productName = PasswordTests;
			productReference = 0DFB9D5129AA398A0066D32A /* PasswordTests.xctest */;
			productType = "com.apple.product-type.bundle.unit-test";
		};
		0DFB9D5A29AA398A0066D32A /* PasswordUITests */ = {
			isa = PBXNativeTarget;
			buildConfigurationList = 0DFB9D6B29AA398A0066D32A /* Build configuration list for PBXNativeTarget "PasswordUITests" */;
			buildPhases = (
				0DFB9D5729AA398A0066D32A /* Sources */,
				0DFB9D5829AA398A0066D32A /* Frameworks */,
				0DFB9D5929AA398A0066D32A /* Resources */,
			);
			buildRules = (
			);
			dependencies = (
				0DFB9D5D29AA398A0066D32A /* PBXTargetDependency */,
			);
			name = PasswordUITests;
			productName = PasswordUITests;
			productReference = 0DFB9D5B29AA398A0066D32A /* PasswordUITests.xctest */;
			productType = "com.apple.product-type.bundle.ui-testing";
		};
/* End PBXNativeTarget section */

/* Begin PBXProject section */
		0DFB9D3029AA39890066D32A /* Project object */ = {
			isa = PBXProject;
			attributes = {
				BuildIndependentTargetsInParallel = 1;
				LastSwiftUpdateCheck = 1420;
				LastUpgradeCheck = 1420;
				TargetAttributes = {
					0DFB9D3729AA39890066D32A = {
						CreatedOnToolsVersion = 14.2;
					};
					0DFB9D5029AA398A0066D32A = {
						CreatedOnToolsVersion = 14.2;
						LastSwiftMigration = 1420;
						TestTargetID = 0DFB9D3729AA39890066D32A;
					};
					0DFB9D5A29AA398A0066D32A = {
						CreatedOnToolsVersion = 14.2;
						TestTargetID = 0DFB9D3729AA39890066D32A;
					};
				};
			};
			buildConfigurationList = 0DFB9D3329AA39890066D32A /* Build configuration list for PBXProject "Password" */;
			compatibilityVersion = "Xcode 14.0";
			developmentRegion = en;
			hasScannedForEncodings = 0;
			knownRegions = (
				en,
				Base,
			);
			mainGroup = 0DFB9D2F29AA39890066D32A;
			productRefGroup = 0DFB9D3929AA39890066D32A /* Products */;
			projectDirPath = "";
			projectRoot = "";
			targets = (
				0DFB9D3729AA39890066D32A /* Password */,
				0DFB9D5029AA398A0066D32A /* PasswordTests */,
				0DFB9D5A29AA398A0066D32A /* PasswordUITests */,
			);
		};
/* End PBXProject section */

/* Begin PBXResourcesBuildPhase section */
		0DFB9D3629AA39890066D32A /* Resources */ = {
			isa = PBXResourcesBuildPhase;
			buildActionMask = 2147483647;
			files = (
				0DFB9D4B29AA398A0066D32A /* LaunchScreen.storyboard in Resources */,
				0DFB9D4829AA398A0066D32A /* Assets.xcassets in Resources */,
			);
			runOnlyForDeploymentPostprocessing = 0;
		};
		0DFB9D4F29AA398A0066D32A /* Resources */ = {
			isa = PBXResourcesBuildPhase;
			buildActionMask = 2147483647;
			files = (
			);
			runOnlyForDeploymentPostprocessing = 0;
		};
		0DFB9D5929AA398A0066D32A /* Resources */ = {
			isa = PBXResourcesBuildPhase;
			buildActionMask = 2147483647;
			files = (
			);
			runOnlyForDeploymentPostprocessing = 0;
		};
/* End PBXResourcesBuildPhase section */

/* Begin PBXSourcesBuildPhase section */
		0DFB9D3429AA39890066D32A /* Sources */ = {
			isa = PBXSourcesBuildPhase;
			buildActionMask = 2147483647;
			files = (
				0DFB9D4029AA39890066D32A /* ViewController.swift in Sources */,
				0D59584529B30365005535C7 /* PasswordCriteria.swift in Sources */,
				0D59584829B5D988005535C7 /* UIResponder+Extensions.swift in Sources */,
				0DFB9D3C29AA39890066D32A /* AppDelegate.swift in Sources */,
				0D59584129B063E7005535C7 /* PasswordCriteriaView.swift in Sources */,
				0D59584329B1B420005535C7 /* PasswordStatusView.swift in Sources */,
				0D8A66AA29AB1E640029A569 /* PasswordTextField.swift in Sources */,
			);
			runOnlyForDeploymentPostprocessing = 0;
		};
		0DFB9D4D29AA398A0066D32A /* Sources */ = {
			isa = PBXSourcesBuildPhase;
			buildActionMask = 2147483647;
			files = (
				0D59584E29B618BD005535C7 /* ViewControllerTests.swift in Sources */,
				0D59584A29B5F7F0005535C7 /* PasswordCriteriaTests.swift in Sources */,
				0D59584C29B6127E005535C7 /* PasswordStatusViewTests.swift in Sources */,
			);
			runOnlyForDeploymentPostprocessing = 0;
		};
		0DFB9D5729AA398A0066D32A /* Sources */ = {
			isa = PBXSourcesBuildPhase;
			buildActionMask = 2147483647;
			files = (
				0DFB9D6229AA398A0066D32A /* PasswordUITestsLaunchTests.swift in Sources */,
				0DFB9D6029AA398A0066D32A /* PasswordUITests.swift in Sources */,
			);
			runOnlyForDeploymentPostprocessing = 0;
		};
/* End PBXSourcesBuildPhase section */

/* Begin PBXTargetDependency section */
		0DFB9D5329AA398A0066D32A /* PBXTargetDependency */ = {
			isa = PBXTargetDependency;
			target = 0DFB9D3729AA39890066D32A /* Password */;
			targetProxy = 0DFB9D5229AA398A0066D32A /* PBXContainerItemProxy */;
		};
		0DFB9D5D29AA398A0066D32A /* PBXTargetDependency */ = {
			isa = PBXTargetDependency;
			target = 0DFB9D3729AA39890066D32A /* Password */;
			targetProxy = 0DFB9D5C29AA398A0066D32A /* PBXContainerItemProxy */;
		};
/* End PBXTargetDependency section */

/* Begin PBXVariantGroup section */
		0DFB9D4929AA398A0066D32A /* LaunchScreen.storyboard */ = {
			isa = PBXVariantGroup;
			children = (
				0DFB9D4A29AA398A0066D32A /* Base */,
			);
			name = LaunchScreen.storyboard;
			sourceTree = "<group>";
		};
/* End PBXVariantGroup section */

/* Begin XCBuildConfiguration section */
		0DFB9D6329AA398A0066D32A /* Debug */ = {
			isa = XCBuildConfiguration;
			buildSettings = {
				ALWAYS_SEARCH_USER_PATHS = NO;
				CLANG_ANALYZER_NONNULL = YES;
				CLANG_ANALYZER_NUMBER_OBJECT_CONVERSION = YES_AGGRESSIVE;
				CLANG_CXX_LANGUAGE_STANDARD = "gnu++20";
				CLANG_ENABLE_MODULES = YES;
				CLANG_ENABLE_OBJC_ARC = YES;
				CLANG_ENABLE_OBJC_WEAK = YES;
				CLANG_WARN_BLOCK_CAPTURE_AUTORELEASING = YES;
				CLANG_WARN_BOOL_CONVERSION = YES;
				CLANG_WARN_COMMA = YES;
				CLANG_WARN_CONSTANT_CONVERSION = YES;
				CLANG_WARN_DEPRECATED_OBJC_IMPLEMENTATIONS = YES;
				CLANG_WARN_DIRECT_OBJC_ISA_USAGE = YES_ERROR;
				CLANG_WARN_DOCUMENTATION_COMMENTS = YES;
				CLANG_WARN_EMPTY_BODY = YES;
				CLANG_WARN_ENUM_CONVERSION = YES;
				CLANG_WARN_INFINITE_RECURSION = YES;
				CLANG_WARN_INT_CONVERSION = YES;
				CLANG_WARN_NON_LITERAL_NULL_CONVERSION = YES;
				CLANG_WARN_OBJC_IMPLICIT_RETAIN_SELF = YES;
				CLANG_WARN_OBJC_LITERAL_CONVERSION = YES;
				CLANG_WARN_OBJC_ROOT_CLASS = YES_ERROR;
				CLANG_WARN_QUOTED_INCLUDE_IN_FRAMEWORK_HEADER = YES;
				CLANG_WARN_RANGE_LOOP_ANALYSIS = YES;
				CLANG_WARN_STRICT_PROTOTYPES = YES;
				CLANG_WARN_SUSPICIOUS_MOVE = YES;
				CLANG_WARN_UNGUARDED_AVAILABILITY = YES_AGGRESSIVE;
				CLANG_WARN_UNREACHABLE_CODE = YES;
				CLANG_WARN__DUPLICATE_METHOD_MATCH = YES;
				COPY_PHASE_STRIP = NO;
				DEBUG_INFORMATION_FORMAT = dwarf;
				ENABLE_STRICT_OBJC_MSGSEND = YES;
				ENABLE_TESTABILITY = YES;
				GCC_C_LANGUAGE_STANDARD = gnu11;
				GCC_DYNAMIC_NO_PIC = NO;
				GCC_NO_COMMON_BLOCKS = YES;
				GCC_OPTIMIZATION_LEVEL = 0;
				GCC_PREPROCESSOR_DEFINITIONS = (
					"DEBUG=1",
					"$(inherited)",
				);
				GCC_WARN_64_TO_32_BIT_CONVERSION = YES;
				GCC_WARN_ABOUT_RETURN_TYPE = YES_ERROR;
				GCC_WARN_UNDECLARED_SELECTOR = YES;
				GCC_WARN_UNINITIALIZED_AUTOS = YES_AGGRESSIVE;
				GCC_WARN_UNUSED_FUNCTION = YES;
				GCC_WARN_UNUSED_VARIABLE = YES;
				IPHONEOS_DEPLOYMENT_TARGET = 16.2;
				MTL_ENABLE_DEBUG_INFO = INCLUDE_SOURCE;
				MTL_FAST_MATH = YES;
				ONLY_ACTIVE_ARCH = YES;
				SDKROOT = iphoneos;
				SWIFT_ACTIVE_COMPILATION_CONDITIONS = DEBUG;
				SWIFT_OPTIMIZATION_LEVEL = "-Onone";
			};
			name = Debug;
		};
		0DFB9D6429AA398A0066D32A /* Release */ = {
			isa = XCBuildConfiguration;
			buildSettings = {
				ALWAYS_SEARCH_USER_PATHS = NO;
				CLANG_ANALYZER_NONNULL = YES;
				CLANG_ANALYZER_NUMBER_OBJECT_CONVERSION = YES_AGGRESSIVE;
				CLANG_CXX_LANGUAGE_STANDARD = "gnu++20";
				CLANG_ENABLE_MODULES = YES;
				CLANG_ENABLE_OBJC_ARC = YES;
				CLANG_ENABLE_OBJC_WEAK = YES;
				CLANG_WARN_BLOCK_CAPTURE_AUTORELEASING = YES;
				CLANG_WARN_BOOL_CONVERSION = YES;
				CLANG_WARN_COMMA = YES;
				CLANG_WARN_CONSTANT_CONVERSION = YES;
				CLANG_WARN_DEPRECATED_OBJC_IMPLEMENTATIONS = YES;
				CLANG_WARN_DIRECT_OBJC_ISA_USAGE = YES_ERROR;
				CLANG_WARN_DOCUMENTATION_COMMENTS = YES;
				CLANG_WARN_EMPTY_BODY = YES;
				CLANG_WARN_ENUM_CONVERSION = YES;
				CLANG_WARN_INFINITE_RECURSION = YES;
				CLANG_WARN_INT_CONVERSION = YES;
				CLANG_WARN_NON_LITERAL_NULL_CONVERSION = YES;
				CLANG_WARN_OBJC_IMPLICIT_RETAIN_SELF = YES;
				CLANG_WARN_OBJC_LITERAL_CONVERSION = YES;
				CLANG_WARN_OBJC_ROOT_CLASS = YES_ERROR;
				CLANG_WARN_QUOTED_INCLUDE_IN_FRAMEWORK_HEADER = YES;
				CLANG_WARN_RANGE_LOOP_ANALYSIS = YES;
				CLANG_WARN_STRICT_PROTOTYPES = YES;
				CLANG_WARN_SUSPICIOUS_MOVE = YES;
				CLANG_WARN_UNGUARDED_AVAILABILITY = YES_AGGRESSIVE;
				CLANG_WARN_UNREACHABLE_CODE = YES;
				CLANG_WARN__DUPLICATE_METHOD_MATCH = YES;
				COPY_PHASE_STRIP = NO;
				DEBUG_INFORMATION_FORMAT = "dwarf-with-dsym";
				ENABLE_NS_ASSERTIONS = NO;
				ENABLE_STRICT_OBJC_MSGSEND = YES;
				GCC_C_LANGUAGE_STANDARD = gnu11;
				GCC_NO_COMMON_BLOCKS = YES;
				GCC_WARN_64_TO_32_BIT_CONVERSION = YES;
				GCC_WARN_ABOUT_RETURN_TYPE = YES_ERROR;
				GCC_WARN_UNDECLARED_SELECTOR = YES;
				GCC_WARN_UNINITIALIZED_AUTOS = YES_AGGRESSIVE;
				GCC_WARN_UNUSED_FUNCTION = YES;
				GCC_WARN_UNUSED_VARIABLE = YES;
				IPHONEOS_DEPLOYMENT_TARGET = 16.2;
				MTL_ENABLE_DEBUG_INFO = NO;
				MTL_FAST_MATH = YES;
				SDKROOT = iphoneos;
				SWIFT_COMPILATION_MODE = wholemodule;
				SWIFT_OPTIMIZATION_LEVEL = "-O";
				VALIDATE_PRODUCT = YES;
			};
			name = Release;
		};
		0DFB9D6629AA398A0066D32A /* Debug */ = {
			isa = XCBuildConfiguration;
			buildSettings = {
				ASSETCATALOG_COMPILER_APPICON_NAME = AppIcon;
				ASSETCATALOG_COMPILER_GLOBAL_ACCENT_COLOR_NAME = AccentColor;
				CODE_SIGN_STYLE = Automatic;
				CURRENT_PROJECT_VERSION = 1;
				GENERATE_INFOPLIST_FILE = YES;
				INFOPLIST_FILE = Password/Info.plist;
				INFOPLIST_KEY_UIApplicationSupportsIndirectInputEvents = YES;
				INFOPLIST_KEY_UILaunchStoryboardName = LaunchScreen;
				INFOPLIST_KEY_UISupportedInterfaceOrientations_iPad = "UIInterfaceOrientationPortrait UIInterfaceOrientationPortraitUpsideDown UIInterfaceOrientationLandscapeLeft UIInterfaceOrientationLandscapeRight";
				INFOPLIST_KEY_UISupportedInterfaceOrientations_iPhone = "UIInterfaceOrientationPortrait UIInterfaceOrientationLandscapeLeft UIInterfaceOrientationLandscapeRight";
				LD_RUNPATH_SEARCH_PATHS = (
					"$(inherited)",
					"@executable_path/Frameworks",
				);
				MARKETING_VERSION = 1.0;
				PRODUCT_BUNDLE_IDENTIFIER = com.mia.Password;
				PRODUCT_NAME = "$(TARGET_NAME)";
				SWIFT_EMIT_LOC_STRINGS = YES;
				SWIFT_VERSION = 5.0;
				TARGETED_DEVICE_FAMILY = "1,2";
			};
			name = Debug;
		};
		0DFB9D6729AA398A0066D32A /* Release */ = {
			isa = XCBuildConfiguration;
			buildSettings = {
				ASSETCATALOG_COMPILER_APPICON_NAME = AppIcon;
				ASSETCATALOG_COMPILER_GLOBAL_ACCENT_COLOR_NAME = AccentColor;
				CODE_SIGN_STYLE = Automatic;
				CURRENT_PROJECT_VERSION = 1;
				GENERATE_INFOPLIST_FILE = YES;
				INFOPLIST_FILE = Password/Info.plist;
				INFOPLIST_KEY_UIApplicationSupportsIndirectInputEvents = YES;
				INFOPLIST_KEY_UILaunchStoryboardName = LaunchScreen;
				INFOPLIST_KEY_UISupportedInterfaceOrientations_iPad = "UIInterfaceOrientationPortrait UIInterfaceOrientationPortraitUpsideDown UIInterfaceOrientationLandscapeLeft UIInterfaceOrientationLandscapeRight";
				INFOPLIST_KEY_UISupportedInterfaceOrientations_iPhone = "UIInterfaceOrientationPortrait UIInterfaceOrientationLandscapeLeft UIInterfaceOrientationLandscapeRight";
				LD_RUNPATH_SEARCH_PATHS = (
					"$(inherited)",
					"@executable_path/Frameworks",
				);
				MARKETING_VERSION = 1.0;
				PRODUCT_BUNDLE_IDENTIFIER = com.mia.Password;
				PRODUCT_NAME = "$(TARGET_NAME)";
				SWIFT_EMIT_LOC_STRINGS = YES;
				SWIFT_VERSION = 5.0;
				TARGETED_DEVICE_FAMILY = "1,2";
			};
			name = Release;
		};
		0DFB9D6929AA398A0066D32A /* Debug */ = {
			isa = XCBuildConfiguration;
			buildSettings = {
				ALWAYS_EMBED_SWIFT_STANDARD_LIBRARIES = YES;
				BUNDLE_LOADER = "$(TEST_HOST)";
				CLANG_ENABLE_MODULES = YES;
				CODE_SIGN_STYLE = Automatic;
				CURRENT_PROJECT_VERSION = 1;
				GENERATE_INFOPLIST_FILE = YES;
				IPHONEOS_DEPLOYMENT_TARGET = 16.2;
				LD_RUNPATH_SEARCH_PATHS = (
					"$(inherited)",
					"@executable_path/Frameworks",
					"@loader_path/Frameworks",
				);
				MARKETING_VERSION = 1.0;
				PRODUCT_BUNDLE_IDENTIFIER = com.mia.PasswordTests;
				PRODUCT_NAME = "$(TARGET_NAME)";
				SWIFT_EMIT_LOC_STRINGS = NO;
				SWIFT_OPTIMIZATION_LEVEL = "-Onone";
				SWIFT_VERSION = 5.0;
				TARGETED_DEVICE_FAMILY = "1,2";
				TEST_HOST = "$(BUILT_PRODUCTS_DIR)/Password.app/$(BUNDLE_EXECUTABLE_FOLDER_PATH)/Password";
			};
			name = Debug;
		};
		0DFB9D6A29AA398A0066D32A /* Release */ = {
			isa = XCBuildConfiguration;
			buildSettings = {
				ALWAYS_EMBED_SWIFT_STANDARD_LIBRARIES = YES;
				BUNDLE_LOADER = "$(TEST_HOST)";
				CLANG_ENABLE_MODULES = YES;
				CODE_SIGN_STYLE = Automatic;
				CURRENT_PROJECT_VERSION = 1;
				GENERATE_INFOPLIST_FILE = YES;
				IPHONEOS_DEPLOYMENT_TARGET = 16.2;
				LD_RUNPATH_SEARCH_PATHS = (
					"$(inherited)",
					"@executable_path/Frameworks",
					"@loader_path/Frameworks",
				);
				MARKETING_VERSION = 1.0;
				PRODUCT_BUNDLE_IDENTIFIER = com.mia.PasswordTests;
				PRODUCT_NAME = "$(TARGET_NAME)";
				SWIFT_EMIT_LOC_STRINGS = NO;
				SWIFT_VERSION = 5.0;
				TARGETED_DEVICE_FAMILY = "1,2";
				TEST_HOST = "$(BUILT_PRODUCTS_DIR)/Password.app/$(BUNDLE_EXECUTABLE_FOLDER_PATH)/Password";
			};
			name = Release;
		};
		0DFB9D6C29AA398A0066D32A /* Debug */ = {
			isa = XCBuildConfiguration;
			buildSettings = {
				ALWAYS_EMBED_SWIFT_STANDARD_LIBRARIES = YES;
				CODE_SIGN_STYLE = Automatic;
				CURRENT_PROJECT_VERSION = 1;
				GENERATE_INFOPLIST_FILE = YES;
				MARKETING_VERSION = 1.0;
				PRODUCT_BUNDLE_IDENTIFIER = com.mia.PasswordUITests;
				PRODUCT_NAME = "$(TARGET_NAME)";
				SWIFT_EMIT_LOC_STRINGS = NO;
				SWIFT_VERSION = 5.0;
				TARGETED_DEVICE_FAMILY = "1,2";
				TEST_TARGET_NAME = Password;
			};
			name = Debug;
		};
		0DFB9D6D29AA398A0066D32A /* Release */ = {
			isa = XCBuildConfiguration;
			buildSettings = {
				ALWAYS_EMBED_SWIFT_STANDARD_LIBRARIES = YES;
				CODE_SIGN_STYLE = Automatic;
				CURRENT_PROJECT_VERSION = 1;
				GENERATE_INFOPLIST_FILE = YES;
				MARKETING_VERSION = 1.0;
				PRODUCT_BUNDLE_IDENTIFIER = com.mia.PasswordUITests;
				PRODUCT_NAME = "$(TARGET_NAME)";
				SWIFT_EMIT_LOC_STRINGS = NO;
				SWIFT_VERSION = 5.0;
				TARGETED_DEVICE_FAMILY = "1,2";
				TEST_TARGET_NAME = Password;
			};
			name = Release;
		};
/* End XCBuildConfiguration section */

/* Begin XCConfigurationList section */
		0DFB9D3329AA39890066D32A /* Build configuration list for PBXProject "Password" */ = {
			isa = XCConfigurationList;
			buildConfigurations = (
				0DFB9D6329AA398A0066D32A /* Debug */,
				0DFB9D6429AA398A0066D32A /* Release */,
			);
			defaultConfigurationIsVisible = 0;
			defaultConfigurationName = Release;
		};
		0DFB9D6529AA398A0066D32A /* Build configuration list for PBXNativeTarget "Password" */ = {
			isa = XCConfigurationList;
			buildConfigurations = (
				0DFB9D6629AA398A0066D32A /* Debug */,
				0DFB9D6729AA398A0066D32A /* Release */,
			);
			defaultConfigurationIsVisible = 0;
			defaultConfigurationName = Release;
		};
		0DFB9D6829AA398A0066D32A /* Build configuration list for PBXNativeTarget "PasswordTests" */ = {
			isa = XCConfigurationList;
			buildConfigurations = (
				0DFB9D6929AA398A0066D32A /* Debug */,
				0DFB9D6A29AA398A0066D32A /* Release */,
			);
			defaultConfigurationIsVisible = 0;
			defaultConfigurationName = Release;
		};
		0DFB9D6B29AA398A0066D32A /* Build configuration list for PBXNativeTarget "PasswordUITests" */ = {
			isa = XCConfigurationList;
			buildConfigurations = (
				0DFB9D6C29AA398A0066D32A /* Debug */,
				0DFB9D6D29AA398A0066D32A /* Release */,
			);
			defaultConfigurationIsVisible = 0;
			defaultConfigurationName = Release;
		};
/* End XCConfigurationList section */
	};
	rootObject = 0DFB9D3029AA39890066D32A /* Project object */;
}
